
Microsoft Visual Studio Solution File, Format Version 12.00
# Visual Studio Version 17
VisualStudioVersion = 17.11.35327.3
MinimumVisualStudioVersion = 10.0.40219.1
Project("{8BC9CEB8-8B4A-11D0-8D11-00A0C91BC942}") = "libmpsse", "libmpsse.vcxproj", "{E3E2EBA9-5888-47FF-9FDC-0B08FB748331}"
EndProject
Global
	GlobalSection(SolutionConfigurationPlatforms) = preSolution
		Debug|x86 = Debug|x86
		Release|x86 = Release|x86
	EndGlobalSection
	GlobalSection(ProjectConfigurationPlatforms) = postSolution
		{E3E2EBA9-5888-47FF-9FDC-0B08FB748331}.Debug|x86.ActiveCfg = Debug|Win32
		{E3E2EBA9-5888-47FF-9FDC-0B08FB748331}.Debug|x86.Build.0 = Debug|Win32
		{E3E2EBA9-5888-47FF-9FDC-0B08FB748331}.Release|x86.ActiveCfg = Release|Win32
		{E3E2EBA9-5888-47FF-9FDC-0B08FB748331}.Release|x86.Build.0 = Release|Win32
	EndGlobalSection
	GlobalSection(SolutionProperties) = preSolution
		HideSolutionNode = FALSE
	EndGlobalSection
	GlobalSection(ExtensibilityGlobals) = postSolution
		SolutionGuid = {33E823F1-5D4A-4DAB-A37E-B743C9CDC28C}
	EndGlobalSection
EndGlobal
